<?xml version="1.0" encoding="utf-8"?>
<Project ToolsVersion="4.0" xmlns="http://schemas.microsoft.com/developer/msbuild/2003">
  <ItemGroup>
    <Filter Include="Source Files">
      <UniqueIdentifier>{4FC737F1-C7A5-4376-A066-2A32D752A2FF}</UniqueIdentifier>
      <Extensions>cpp;c;cc;cxx;c++;cppm;ixx;def;odl;idl;hpj;bat;asm;asmx</Extensions>
    </Filter>
    <Filter Include="Source Files\Managers">
      <UniqueIdentifier>{4c530059-520c-4e19-ba21-80949a324b78}</UniqueIdentifier>
    </Filter>
    <Filter Include="Source Files\Word">
      <UniqueIdentifier>{5f212504-11eb-49fd-b63e-c913438e32e4}</UniqueIdentifier>
    </Filter>
    <Filter Include="Source Files\Word\Components">
      <UniqueIdentifier>{197d9544-cdc6-48b6-be13-01dc94e068cb}</UniqueIdentifier>
    </Filter>
  </ItemGroup>
  <ItemGroup>
    <ClCompile Include="DictionaryManagerBase.cpp">
      <Filter>Source Files\Managers</Filter>
    </ClCompile>
    <ClCompile Include="Word.cpp">
      <Filter>Source Files\Word</Filter>
    </ClCompile>
    <ClCompile Include="common.cpp">
      <Filter>Source Files</Filter>
    </ClCompile>
    <ClCompile Include="WordComponentBase.cpp">
      <Filter>Source Files\Word\Components</Filter>
    </ClCompile>
    <ClCompile Include="EnglishManager.cpp">
      <Filter>Source Files\Managers</Filter>
    </ClCompile>
    <ClCompile Include="KoreanManager.cpp">
      <Filter>Source Files\Managers</Filter>
    </ClCompile>
    <ClCompile Include="SpanishManager.cpp">
      <Filter>Source Files\Managers</Filter>
    </ClCompile>
  </ItemGroup>
  <ItemGroup>
    <ClInclude Include="..\Include\DictionaryManagerBase.h">
      <Filter>Source Files\Managers</Filter>
    </ClInclude>
    <ClInclude Include="..\Include\Word.h">
      <Filter>Source Files\Word</Filter>
    </ClInclude>
    <ClInclude Include="..\Include\common.h">
      <Filter>Source Files</Filter>
    </ClInclude>
    <ClInclude Include="..\Include\EnglishManager.h">
      <Filter>Source Files\Managers</Filter>
    </ClInclude>
    <ClInclude Include="..\Include\KoreanManager.h">
      <Filter>Source Files\Managers</Filter>
    </ClInclude>
    <ClInclude Include="..\Include\SpanishManager.h">
      <Filter>Source Files\Managers</Filter>
    </ClInclude>
    <ClInclude Include="..\Include\WordComponentBase.h">
      <Filter>Source Files\Word\Components</Filter>
    </ClInclude>
  </ItemGroup>
</Project>